// !$*UTF8*$!
{
	archiveVersion = 1;
	classes = {
	};
	objectVersion = 46;
	objects = {

/* Begin PBXBuildFile section */
		919A37731D599180002F7C97 /* FileDownloader.m in Sources */ = {isa = PBXBuildFile; fileRef = 91FB72541D58A2C200134170 /* FileDownloader.m */; };
		91C347191D58431C00768DFE /* main.m in Sources */ = {isa = PBXBuildFile; fileRef = 91C347181D58431C00768DFE /* main.m */; };
		91C3471C1D58431C00768DFE /* AppDelegate.m in Sources */ = {isa = PBXBuildFile; fileRef = 91C3471B1D58431C00768DFE /* AppDelegate.m */; };
		91C3471F1D58431C00768DFE /* ViewController.m in Sources */ = {isa = PBXBuildFile; fileRef = 91C3471E1D58431C00768DFE /* ViewController.m */; };
		91C347221D58431C00768DFE /* Main.storyboard in Resources */ = {isa = PBXBuildFile; fileRef = 91C347201D58431C00768DFE /* Main.storyboard */; };
		91C347241D58431C00768DFE /* Assets.xcassets in Resources */ = {isa = PBXBuildFile; fileRef = 91C347231D58431C00768DFE /* Assets.xcassets */; };
		91C347271D58431C00768DFE /* LaunchScreen.storyboard in Resources */ = {isa = PBXBuildFile; fileRef = 91C347251D58431C00768DFE /* LaunchScreen.storyboard */; };
		91C347321D58431C00768DFE /* __GET__________Tests.m in Sources */ = {isa = PBXBuildFile; fileRef = 91C347311D58431C00768DFE /* __GET__________Tests.m */; };
		91C3473D1D58431C00768DFE /* __GET__________UITests.m in Sources */ = {isa = PBXBuildFile; fileRef = 91C3473C1D58431C00768DFE /* __GET__________UITests.m */; };
		91FB72551D58A2C200134170 /* FileDownloader.m in Sources */ = {isa = PBXBuildFile; fileRef = 91FB72541D58A2C200134170 /* FileDownloader.m */; };
/* End PBXBuildFile section */

/* Begin PBXContainerItemProxy section */
		91C3472E1D58431C00768DFE /* PBXContainerItemProxy */ = {
			isa = PBXContainerItemProxy;
			containerPortal = 91C3470C1D58431C00768DFE /* Project object */;
			proxyType = 1;
			remoteGlobalIDString = 91C347131D58431C00768DFE;
			remoteInfo = "使用GET方式下载文件解决问题";
		};
		91C347391D58431C00768DFE /* PBXContainerItemProxy */ = {
			isa = PBXContainerItemProxy;
			containerPortal = 91C3470C1D58431C00768DFE /* Project object */;
			proxyType = 1;
			remoteGlobalIDString = 91C347131D58431C00768DFE;
			remoteInfo = "使用GET方式下载文件解决问题";
		};
/* End PBXContainerItemProxy section */

/* Begin PBXFileReference section */
		91C347141D58431C00768DFE /* 使用GET方式下载文件解决问题.app */ = {isa = PBXFileReference; explicitFileType = wrapper.application; includeInIndex = 0; path = "使用GET方式下载文件解决问题.app"; sourceTree = BUILT_PRODUCTS_DIR; };
		91C347181D58431C00768DFE /* main.m */ = {isa = PBXFileReference; lastKnownFileType = sourcecode.c.objc; path = main.m; sourceTree = "<group>"; };
		91C3471A1D58431C00768DFE /* AppDelegate.h */ = {isa = PBXFileReference; lastKnownFileType = sourcecode.c.h; path = AppDelegate.h; sourceTree = "<group>"; };
		91C3471B1D58431C00768DFE /* AppDelegate.m */ = {isa = PBXFileReference; lastKnownFileType = sourcecode.c.objc; path = AppDelegate.m; sourceTree = "<group>"; };
		91C3471D1D58431C00768DFE /* ViewController.h */ = {isa = PBXFileReference; lastKnownFileType = sourcecode.c.h; path = ViewController.h; sourceTree = "<group>"; };
		91C3471E1D58431C00768DFE /* ViewController.m */ = {isa = PBXFileReference; lastKnownFileType = sourcecode.c.objc; path = ViewController.m; sourceTree = "<group>"; };
		91C347211D58431C00768DFE /* Base */ = {isa = PBXFileReference; lastKnownFileType = file.storyboard; name = Base; path = Base.lproj/Main.storyboard; sourceTree = "<group>"; };
		91C347231D58431C00768DFE /* Assets.xcassets */ = {isa = PBXFileReference; lastKnownFileType = folder.assetcatalog; path = Assets.xcassets; sourceTree = "<group>"; };
		91C347261D58431C00768DFE /* Base */ = {isa = PBXFileReference; lastKnownFileType = file.storyboard; name = Base; path = Base.lproj/LaunchScreen.storyboard; sourceTree = "<group>"; };
		91C347281D58431C00768DFE /* Info.plist */ = {isa = PBXFileReference; lastKnownFileType = text.plist.xml; path = Info.plist; sourceTree = "<group>"; };
		91C3472D1D58431C00768DFE /* 使用GET方式下载文件解决问题Tests.xctest */ = {isa = PBXFileReference; explicitFileType = wrapper.cfbundle; includeInIndex = 0; path = "使用GET方式下载文件解决问题Tests.xctest"; sourceTree = BUILT_PRODUCTS_DIR; };
		91C347311D58431C00768DFE /* __GET__________Tests.m */ = {isa = PBXFileReference; lastKnownFileType = sourcecode.c.objc; path = "__GET__________Tests.m"; sourceTree = "<group>"; };
		91C347331D58431C00768DFE /* Info.plist */ = {isa = PBXFileReference; lastKnownFileType = text.plist.xml; path = Info.plist; sourceTree = "<group>"; };
		91C347381D58431C00768DFE /* 使用GET方式下载文件解决问题UITests.xctest */ = {isa = PBXFileReference; explicitFileType = wrapper.cfbundle; includeInIndex = 0; path = "使用GET方式下载文件解决问题UITests.xctest"; sourceTree = BUILT_PRODUCTS_DIR; };
		91C3473C1D58431C00768DFE /* __GET__________UITests.m */ = {isa = PBXFileReference; lastKnownFileType = sourcecode.c.objc; path = "__GET__________UITests.m"; sourceTree = "<group>"; };
		91C3473E1D58431C00768DFE /* Info.plist */ = {isa = PBXFileReference; lastKnownFileType = text.plist.xml; path = Info.plist; sourceTree = "<group>"; };
		91FB72531D58A2C200134170 /* FileDownloader.h */ = {isa = PBXFileReference; fileEncoding = 4; lastKnownFileType = sourcecode.c.h; path = FileDownloader.h; sourceTree = "<group>"; };
		91FB72541D58A2C200134170 /* FileDownloader.m */ = {isa = PBXFileReference; fileEncoding = 4; lastKnownFileType = sourcecode.c.objc; path = FileDownloader.m; sourceTree = "<group>"; };
/* End PBXFileReference section */

/* Begin PBXFrameworksBuildPhase section */
		91C347111D58431C00768DFE /* Frameworks */ = {
			isa = PBXFrameworksBuildPhase;
			buildActionMask = 2147483647;
			files = (
			);
			runOnlyForDeploymentPostprocessing = 0;
		};
		91C3472A1D58431C00768DFE /* Frameworks */ = {
			isa = PBXFrameworksBuildPhase;
			buildActionMask = 2147483647;
			files = (
			);
			runOnlyForDeploymentPostprocessing = 0;
		};
		91C347351D58431C00768DFE /* Frameworks */ = {
			isa = PBXFrameworksBuildPhase;
			buildActionMask = 2147483647;
			files = (
			);
			runOnlyForDeploymentPostprocessing = 0;
		};
/* End PBXFrameworksBuildPhase section */

/* Begin PBXGroup section */
		91C3470B1D58431C00768DFE = {
			isa = PBXGroup;
			children = (
				91C347161D58431C00768DFE /* 使用GET方式下载文件解决问题 */,
				91C347301D58431C00768DFE /* 使用GET方式下载文件解决问题Tests */,
				91C3473B1D58431C00768DFE /* 使用GET方式下载文件解决问题UITests */,
				91C347151D58431C00768DFE /* Products */,
			);
			sourceTree = "<group>";
		};
		91C347151D58431C00768DFE /* Products */ = {
			isa = PBXGroup;
			children = (
				91C347141D58431C00768DFE /* 使用GET方式下载文件解决问题.app */,
				91C3472D1D58431C00768DFE /* 使用GET方式下载文件解决问题Tests.xctest */,
				91C347381D58431C00768DFE /* 使用GET方式下载文件解决问题UITests.xctest */,
			);
			name = Products;
			sourceTree = "<group>";
		};
		91C347161D58431C00768DFE /* 使用GET方式下载文件解决问题 */ = {
			isa = PBXGroup;
			children = (
				91C3471A1D58431C00768DFE /* AppDelegate.h */,
				91C3471B1D58431C00768DFE /* AppDelegate.m */,
				91C3471D1D58431C00768DFE /* ViewController.h */,
				91C3471E1D58431C00768DFE /* ViewController.m */,
				91C347201D58431C00768DFE /* Main.storyboard */,
				91C347231D58431C00768DFE /* Assets.xcassets */,
				91C347251D58431C00768DFE /* LaunchScreen.storyboard */,
				91C347281D58431C00768DFE /* Info.plist */,
				91C347171D58431C00768DFE /* Supporting Files */,
				91FB72531D58A2C200134170 /* FileDownloader.h */,
				91FB72541D58A2C200134170 /* FileDownloader.m */,
			);
			path = "使用GET方式下载文件解决问题";
			sourceTree = "<group>";
		};
		91C347171D58431C00768DFE /* Supporting Files */ = {
			isa = PBXGroup;
			children = (
				91C347181D58431C00768DFE /* main.m */,
			);
			name = "Supporting Files";
			sourceTree = "<group>";
		};
		91C347301D58431C00768DFE /* 使用GET方式下载文件解决问题Tests */ = {
			isa = PBXGroup;
			children = (
				91C347311D58431C00768DFE /* __GET__________Tests.m */,
				91C347331D58431C00768DFE /* Info.plist */,
			);
			path = "使用GET方式下载文件解决问题Tests";
			sourceTree = "<group>";
		};
		91C3473B1D58431C00768DFE /* 使用GET方式下载文件解决问题UITests */ = {
			isa = PBXGroup;
			children = (
				91C3473C1D58431C00768DFE /* __GET__________UITests.m */,
				91C3473E1D58431C00768DFE /* Info.plist */,
			);
			path = "使用GET方式下载文件解决问题UITests";
			sourceTree = "<group>";
		};
/* End PBXGroup section */

/* Begin PBXNativeTarget section */
		91C347131D58431C00768DFE /* 使用GET方式下载文件解决问题 */ = {
			isa = PBXNativeTarget;
			buildConfigurationList = 91C347411D58431C00768DFE /* Build configuration list for PBXNativeTarget "使用GET方式下载文件解决问题" */;
			buildPhases = (
				91C347101D58431C00768DFE /* Sources */,
				91C347111D58431C00768DFE /* Frameworks */,
				91C347121D58431C00768DFE /* Resources */,
			);
			buildRules = (
			);
			dependencies = (
			);
			name = "使用GET方式下载文件解决问题";
			productName = "使用GET方式下载文件解决问题";
			productReference = 91C347141D58431C00768DFE /* 使用GET方式下载文件解决问题.app */;
			productType = "com.apple.product-type.application";
		};
		91C3472C1D58431C00768DFE /* 使用GET方式下载文件解决问题Tests */ = {
			isa = PBXNativeTarget;
			buildConfigurationList = 91C347441D58431C00768DFE /* Build configuration list for PBXNativeTarget "使用GET方式下载文件解决问题Tests" */;
			buildPhases = (
				91C347291D58431C00768DFE /* Sources */,
				91C3472A1D58431C00768DFE /* Frameworks */,
				91C3472B1D58431C00768DFE /* Resources */,
			);
			buildRules = (
			);
			dependencies = (
				91C3472F1D58431C00768DFE /* PBXTargetDependency */,
			);
			name = "使用GET方式下载文件解决问题Tests";
			productName = "使用GET方式下载文件解决问题Tests";
			productReference = 91C3472D1D58431C00768DFE /* 使用GET方式下载文件解决问题Tests.xctest */;
			productType = "com.apple.product-type.bundle.unit-test";
		};
		91C347371D58431C00768DFE /* 使用GET方式下载文件解决问题UITests */ = {
			isa = PBXNativeTarget;
			buildConfigurationList = 91C347471D58431C00768DFE /* Build configuration list for PBXNativeTarget "使用GET方式下载文件解决问题UITests" */;
			buildPhases = (
				91C347341D58431C00768DFE /* Sources */,
				91C347351D58431C00768DFE /* Frameworks */,
				91C347361D58431C00768DFE /* Resources */,
			);
			buildRules = (
			);
			dependencies = (
				91C3473A1D58431C00768DFE /* PBXTargetDependency */,
			);
			name = "使用GET方式下载文件解决问题UITests";
			productName = "使用GET方式下载文件解决问题UITests";
			productReference = 91C347381D58431C00768DFE /* 使用GET方式下载文件解决问题UITests.xctest */;
			productType = "com.apple.product-type.bundle.ui-testing";
		};
/* End PBXNativeTarget section */

/* Begin PBXProject section */
		91C3470C1D58431C00768DFE /* Project object */ = {
			isa = PBXProject;
			attributes = {
				LastUpgradeCheck = 0720;
				ORGANIZATIONNAME = libaojun;
				TargetAttributes = {
					91C347131D58431C00768DFE = {
						CreatedOnToolsVersion = 7.2;
						DevelopmentTeam = XYBMC68M8N;
					};
					91C3472C1D58431C00768DFE = {
						CreatedOnToolsVersion = 7.2;
						DevelopmentTeam = XYBMC68M8N;
						TestTargetID = 91C347131D58431C00768DFE;
					};
					91C347371D58431C00768DFE = {
						CreatedOnToolsVersion = 7.2;
						DevelopmentTeam = XYBMC68M8N;
						TestTargetID = 91C347131D58431C00768DFE;
					};
				};
			};
			buildConfigurationList = 91C3470F1D58431C00768DFE /* Build configuration list for PBXProject "使用GET方式下载文件解决问题" */;
			compatibilityVersion = "Xcode 3.2";
			developmentRegion = English;
			hasScannedForEncodings = 0;
			knownRegions = (
				en,
				Base,
			);
			mainGroup = 91C3470B1D58431C00768DFE;
			productRefGroup = 91C347151D58431C00768DFE /* Products */;
			projectDirPath = "";
			projectRoot = "";
			targets = (
				91C347131D58431C00768DFE /* 使用GET方式下载文件解决问题 */,
				91C3472C1D58431C00768DFE /* 使用GET方式下载文件解决问题Tests */,
				91C347371D58431C00768DFE /* 使用GET方式下载文件解决问题UITests */,
			);
		};
/* End PBXProject section */

/* Begin PBXResourcesBuildPhase section */
		91C347121D58431C00768DFE /* Resources */ = {
			isa = PBXResourcesBuildPhase;
			buildActionMask = 2147483647;
			files = (
				91C347271D58431C00768DFE /* LaunchScreen.storyboard in Resources */,
				91C347241D58431C00768DFE /* Assets.xcassets in Resources */,
				91C347221D58431C00768DFE /* Main.storyboard in Resources */,
			);
			runOnlyForDeploymentPostprocessing = 0;
		};
		91C3472B1D58431C00768DFE /* Resources */ = {
			isa = PBXResourcesBuildPhase;
			buildActionMask = 2147483647;
			files = (
			);
			runOnlyForDeploymentPostprocessing = 0;
		};
		91C347361D58431C00768DFE /* Resources */ = {
			isa = PBXResourcesBuildPhase;
			buildActionMask = 2147483647;
			files = (
			);
			runOnlyForDeploymentPostprocessing = 0;
		};
/* End PBXResourcesBuildPhase section */

/* Begin PBXSourcesBuildPhase section */
		91C347101D58431C00768DFE /* Sources */ = {
			isa = PBXSourcesBuildPhase;
			buildActionMask = 2147483647;
			files = (
				91C3471F1D58431C00768DFE /* ViewController.m in Sources */,
				91C3471C1D58431C00768DFE /* AppDelegate.m in Sources */,
				91FB72551D58A2C200134170 /* FileDownloader.m in Sources */,
				91C347191D58431C00768DFE /* main.m in Sources */,
			);
			runOnlyForDeploymentPostprocessing = 0;
		};
		91C347291D58431C00768DFE /* Sources */ = {
			isa = PBXSourcesBuildPhase;
			buildActionMask = 2147483647;
			files = (
				919A37731D599180002F7C97 /* FileDownloader.m in Sources */,
				91C347321D58431C00768DFE /* __GET__________Tests.m in Sources */,
			);
			runOnlyForDeploymentPostprocessing = 0;
		};
		91C347341D58431C00768DFE /* Sources */ = {
			isa = PBXSourcesBuildPhase;
			buildActionMask = 2147483647;
			files = (
				91C3473D1D58431C00768DFE /* __GET__________UITests.m in Sources */,
			);
			runOnlyForDeploymentPostprocessing = 0;
		};
/* End PBXSourcesBuildPhase section */

/* Begin PBXTargetDependency section */
		91C3472F1D58431C00768DFE /* PBXTargetDependency */ = {
			isa = PBXTargetDependency;
			target = 91C347131D58431C00768DFE /* 使用GET方式下载文件解决问题 */;
			targetProxy = 91C3472E1D58431C00768DFE /* PBXContainerItemProxy */;
		};
		91C3473A1D58431C00768DFE /* PBXTargetDependency */ = {
			isa = PBXTargetDependency;
			target = 91C347131D58431C00768DFE /* 使用GET方式下载文件解决问题 */;
			targetProxy = 91C347391D58431C00768DFE /* PBXContainerItemProxy */;
		};
/* End PBXTargetDependency section */

/* Begin PBXVariantGroup section */
		91C347201D58431C00768DFE /* Main.storyboard */ = {
			isa = PBXVariantGroup;
			children = (
				91C347211D58431C00768DFE /* Base */,
			);
			name = Main.storyboard;
			sourceTree = "<group>";
		};
		91C347251D58431C00768DFE /* LaunchScreen.storyboard */ = {
			isa = PBXVariantGroup;
			children = (
				91C347261D58431C00768DFE /* Base */,
			);
			name = LaunchScreen.storyboard;
			sourceTree = "<group>";
		};
/* End PBXVariantGroup section */

/* Begin XCBuildConfiguration section */
		91C3473F1D58431C00768DFE /* Debug */ = {
			isa = XCBuildConfiguration;
			buildSettings = {
				ALWAYS_SEARCH_USER_PATHS = NO;
				CLANG_CXX_LANGUAGE_STANDARD = "gnu++0x";
				CLANG_CXX_LIBRARY = "libc++";
				CLANG_ENABLE_MODULES = YES;
				CLANG_ENABLE_OBJC_ARC = YES;
				CLANG_WARN_BOOL_CONVERSION = YES;
				CLANG_WARN_CONSTANT_CONVERSION = YES;
				CLANG_WARN_DIRECT_OBJC_ISA_USAGE = YES_ERROR;
				CLANG_WARN_EMPTY_BODY = YES;
				CLANG_WARN_ENUM_CONVERSION = YES;
				CLANG_WARN_INT_CONVERSION = YES;
				CLANG_WARN_OBJC_ROOT_CLASS = YES_ERROR;
				CLANG_WARN_UNREACHABLE_CODE = YES;
				CLANG_WARN__DUPLICATE_METHOD_MATCH = YES;
				"CODE_SIGN_IDENTITY[sdk=iphoneos*]" = "iPhone Developer";
				COPY_PHASE_STRIP = NO;
				DEBUG_INFORMATION_FORMAT = dwarf;
				ENABLE_STRICT_OBJC_MSGSEND = YES;
				ENABLE_TESTABILITY = YES;
				GCC_C_LANGUAGE_STANDARD = gnu99;
				GCC_DYNAMIC_NO_PIC = NO;
				GCC_NO_COMMON_BLOCKS = YES;
				GCC_OPTIMIZATION_LEVEL = 0;
				GCC_PREPROCESSOR_DEFINITIONS = (
					"DEBUG=1",
					"$(inherited)",
				);
				GCC_WARN_64_TO_32_BIT_CONVERSION = YES;
				GCC_WARN_ABOUT_RETURN_TYPE = YES_ERROR;
				GCC_WARN_UNDECLARED_SELECTOR = YES;
				GCC_WARN_UNINITIALIZED_AUTOS = YES_AGGRESSIVE;
				GCC_WARN_UNUSED_FUNCTION = YES;
				GCC_WARN_UNUSED_VARIABLE = YES;
				IPHONEOS_DEPLOYMENT_TARGET = 9.2;
				MTL_ENABLE_DEBUG_INFO = YES;
				ONLY_ACTIVE_ARCH = YES;
				SDKROOT = iphoneos;
				TARGETED_DEVICE_FAMILY = "1,2";
			};
			name = Debug;
		};
		91C347401D58431C00768DFE /* Release */ = {
			isa = XCBuildConfiguration;
			buildSettings = {
				ALWAYS_SEARCH_USER_PATHS = NO;
				CLANG_CXX_LANGUAGE_STANDARD = "gnu++0x";
				CLANG_CXX_LIBRARY = "libc++";
				CLANG_ENABLE_MODULES = YES;
				CLANG_ENABLE_OBJC_ARC = YES;
				CLANG_WARN_BOOL_CONVERSION = YES;
				CLANG_WARN_CONSTANT_CONVERSION = YES;
				CLANG_WARN_DIRECT_OBJC_ISA_USAGE = YES_ERROR;
				CLANG_WARN_EMPTY_BODY = YES;
				CLANG_WARN_ENUM_CONVERSION = YES;
				CLANG_WARN_INT_CONVERSION = YES;
				CLANG_WARN_OBJC_ROOT_CLASS = YES_ERROR;
				CLANG_WARN_UNREACHABLE_CODE = YES;
				CLANG_WARN__DUPLICATE_METHOD_MATCH = YES;
				"CODE_SIGN_IDENTITY[sdk=iphoneos*]" = "iPhone Developer";
				COPY_PHASE_STRIP = NO;
				DEBUG_INFORMATION_FORMAT = "dwarf-with-dsym";
				ENABLE_NS_ASSERTIONS = NO;
				ENABLE_STRICT_OBJC_MSGSEND = YES;
				GCC_C_LANGUAGE_STANDARD = gnu99;
				GCC_NO_COMMON_BLOCKS = YES;
				GCC_WARN_64_TO_32_BIT_CONVERSION = YES;
				GCC_WARN_ABOUT_RETURN_TYPE = YES_ERROR;
				GCC_WARN_UNDECLARED_SELECTOR = YES;
				GCC_WARN_UNINITIALIZED_AUTOS = YES_AGGRESSIVE;
				GCC_WARN_UNUSED_FUNCTION = YES;
				GCC_WARN_UNUSED_VARIABLE = YES;
				IPHONEOS_DEPLOYMENT_TARGET = 9.2;
				MTL_ENABLE_DEBUG_INFO = NO;
				SDKROOT = iphoneos;
				TARGETED_DEVICE_FAMILY = "1,2";
				VALIDATE_PRODUCT = YES;
			};
			name = Release;
		};
		91C347421D58431C00768DFE /* Debug */ = {
			isa = XCBuildConfiguration;
			buildSettings = {
				ASSETCATALOG_COMPILER_APPICON_NAME = AppIcon;
				INFOPLIST_FILE = "使用GET方式下载文件解决问题/Info.plist";
				LD_RUNPATH_SEARCH_PATHS = "$(inherited) @executable_path/Frameworks";
				PRODUCT_BUNDLE_IDENTIFIER = "it.con.HM.--GET----------";
				PRODUCT_NAME = "$(TARGET_NAME)";
			};
			name = Debug;
		};
		91C347431D58431C00768DFE /* Release */ = {
			isa = XCBuildConfiguration;
			buildSettings = {
				ASSETCATALOG_COMPILER_APPICON_NAME = AppIcon;
				INFOPLIST_FILE = "使用GET方式下载文件解决问题/Info.plist";
				LD_RUNPATH_SEARCH_PATHS = "$(inherited) @executable_path/Frameworks";
				PRODUCT_BUNDLE_IDENTIFIER = "it.con.HM.--GET----------";
				PRODUCT_NAME = "$(TARGET_NAME)";
			};
			name = Release;
		};
		91C347451D58431C00768DFE /* Debug */ = {
			isa = XCBuildConfiguration;
			buildSettings = {
				BUNDLE_LOADER = "$(TEST_HOST)";
				INFOPLIST_FILE = "使用GET方式下载文件解决问题Tests/Info.plist";
				LD_RUNPATH_SEARCH_PATHS = "$(inherited) @executable_path/Frameworks @loader_path/Frameworks";
				PRODUCT_BUNDLE_IDENTIFIER = "it.con.HM.--GET----------Tests";
				PRODUCT_NAME = "$(TARGET_NAME)";
				TEST_HOST = "$(BUILT_PRODUCTS_DIR)/使用GET方式下载文件解决问题.app/使用GET方式下载文件解决问题";
			};
			name = Debug;
		};
		91C347461D58431C00768DFE /* Release */ = {
			isa = XCBuildConfiguration;
			buildSettings = {
				BUNDLE_LOADER = "$(TEST_HOST)";
				INFOPLIST_FILE = "使用GET方式下载文件解决问题Tests/Info.plist";
				LD_RUNPATH_SEARCH_PATHS = "$(inherited) @executable_path/Frameworks @loader_path/Frameworks";
				PRODUCT_BUNDLE_IDENTIFIER = "it.con.HM.--GET----------Tests";
				PRODUCT_NAME = "$(TARGET_NAME)";
				TEST_HOST = "$(BUILT_PRODUCTS_DIR)/使用GET方式下载文件解决问题.app/使用GET方式下载文件解决问题";
			};
			name = Release;
		};
		91C347481D58431C00768DFE /* Debug */ = {
			isa = XCBuildConfiguration;
			buildSettings = {
				INFOPLIST_FILE = "使用GET方式下载文件解决问题UITests/Info.plist";
				LD_RUNPATH_SEARCH_PATHS = "$(inherited) @executable_path/Frameworks @loader_path/Frameworks";
				PRODUCT_BUNDLE_IDENTIFIER = "it.con.HM.--GET----------UITests";
				PRODUCT_NAME = "$(TARGET_NAME)";
				TEST_TARGET_NAME = "使用GET方式下载文件解决问题";
				USES_XCTRUNNER = YES;
			};
			name = Debug;
		};
		91C347491D58431C00768DFE /* Release */ = {
			isa = XCBuildConfiguration;
			buildSettings = {
				INFOPLIST_FILE = "使用GET方式下载文件解决问题UITests/Info.plist";
				LD_RUNPATH_SEARCH_PATHS = "$(inherited) @executable_path/Frameworks @loader_path/Frameworks";
				PRODUCT_BUNDLE_IDENTIFIER = "it.con.HM.--GET----------UITests";
				PRODUCT_NAME = "$(TARGET_NAME)";
				TEST_TARGET_NAME = "使用GET方式下载文件解决问题";
				USES_XCTRUNNER = YES;
			};
			name = Release;
		};
/* End XCBuildConfiguration section */

/* Begin XCConfigurationList section */
		91C3470F1D58431C00768DFE /* Build configuration list for PBXProject "使用GET方式下载文件解决问题" */ = {
			isa = XCConfigurationList;
			buildConfigurations = (
				91C3473F1D58431C00768DFE /* Debug */,
				91C347401D58431C00768DFE /* Release */,
			);
			defaultConfigurationIsVisible = 0;
			defaultConfigurationName = Release;
		};
		91C347411D58431C00768DFE /* Build configuration list for PBXNativeTarget "使用GET方式下载文件解决问题" */ = {
			isa = XCConfigurationList;
			buildConfigurations = (
				91C347421D58431C00768DFE /* Debug */,
				91C347431D58431C00768DFE /* Release */,
			);
			defaultConfigurationIsVisible = 0;
			defaultConfigurationName = Release;
		};
		91C347441D58431C00768DFE /* Build configuration list for PBXNativeTarget "使用GET方式下载文件解决问题Tests" */ = {
			isa = XCConfigurationList;
			buildConfigurations = (
				91C347451D58431C00768DFE /* Debug */,
				91C347461D58431C00768DFE /* Release */,
			);
			defaultConfigurationIsVisible = 0;
			defaultConfigurationName = Release;
		};
		91C347471D58431C00768DFE /* Build configuration list for PBXNativeTarget "使用GET方式下载文件解决问题UITests" */ = {
			isa = XCConfigurationList;
			buildConfigurations = (
				91C347481D58431C00768DFE /* Debug */,
				91C347491D58431C00768DFE /* Release */,
			);
			defaultConfigurationIsVisible = 0;
			defaultConfigurationName = Release;
		};
/* End XCConfigurationList section */
	};
	rootObject = 91C3470C1D58431C00768DFE /* Project object */;
}
